
Microsoft Visual Studio Solution File, Format Version 12.00
# Visual Studio Version 17
VisualStudioVersion = 17.6.33723.286
MinimumVisualStudioVersion = 10.0.40219.1
Project("{8BC9CEB8-8B4A-11D0-8D11-00A0C91BC942}") = "asm_ascii_tetris", "asm_ascii_tetris.vcxproj", "{39DEBC48-8FE8-451D-832A-314ECF1C0272}"
EndProject
Global
	GlobalSection(SolutionConfigurationPlatforms) = preSolution
		Debug|x64 = Debug|x64
		Debug|x86 = Debug|x86
		Release|x64 = Release|x64
		Release|x86 = Release|x86
	EndGlobalSection
	GlobalSection(ProjectConfigurationPlatforms) = postSolution
		{39DEBC48-8FE8-451D-832A-314ECF1C0272}.Debug|x64.ActiveCfg = Debug|x64
		{39DEBC48-8FE8-451D-832A-314ECF1C0272}.Debug|x64.Build.0 = Debug|x64
		{39DEBC48-8FE8-451D-832A-314ECF1C0272}.Debug|x86.ActiveCfg = Debug|Win32
		{39DEBC48-8FE8-451D-832A-314ECF1C0272}.Debug|x86.Build.0 = Debug|Win32
		{39DEBC48-8FE8-451D-832A-314ECF1C0272}.Release|x64.ActiveCfg = Release|x64
		{39DEBC48-8FE8-451D-832A-314ECF1C0272}.Release|x64.Build.0 = Release|x64
		{39DEBC48-8FE8-451D-832A-314ECF1C0272}.Release|x86.ActiveCfg = Release|Win32
		{39DEBC48-8FE8-451D-832A-314ECF1C0272}.Release|x86.Build.0 = Release|Win32
	EndGlobalSection
	GlobalSection(SolutionProperties) = preSolution
		HideSolutionNode = FALSE
	EndGlobalSection
	GlobalSection(ExtensibilityGlobals) = postSolution
		SolutionGuid = {B1BBC3B8-952E-4491-8FFE-2DCC1E754B70}
	EndGlobalSection
EndGlobal
